
Microsoft Visual Studio Solution File, Format Version 12.00
# Visual Studio 14
VisualStudioVersion = 14.0.25420.1
MinimumVisualStudioVersion = 10.0.40219.1
Project("{FAE04EC0-301F-11D3-BF4B-00C04F79EFBC}") = "001_线程基础", "001_线程基础\001_线程基础.csproj", "{57C18B90-38FB-4271-9AAA-3FE2E0381072}"
EndProject
Project("{FAE04EC0-301F-11D3-BF4B-00C04F79EFBC}") = "002_线程同步", "002_线程同步\002_线程同步.csproj", "{0A781061-9487-4916-B25E-260C881468E3}"
EndProject
Project("{FAE04EC0-301F-11D3-BF4B-00C04F79EFBC}") = "003_线程池", "003_线程池\003_线程池.csproj", "{652F4665-234C-4D95-B6FF-53B3BA1B7AF9}"
EndProject
Global
	GlobalSection(SolutionConfigurationPlatforms) = preSolution
		Debug|Any CPU = Debug|Any CPU
		Release|Any CPU = Release|Any CPU
	EndGlobalSection
	GlobalSection(ProjectConfigurationPlatforms) = postSolution
		{57C18B90-38FB-4271-9AAA-3FE2E0381072}.Debug|Any CPU.ActiveCfg = Debug|Any CPU
		{57C18B90-38FB-4271-9AAA-3FE2E0381072}.Debug|Any CPU.Build.0 = Debug|Any CPU
		{57C18B90-38FB-4271-9AAA-3FE2E0381072}.Release|Any CPU.ActiveCfg = Release|Any CPU
		{57C18B90-38FB-4271-9AAA-3FE2E0381072}.Release|Any CPU.Build.0 = Release|Any CPU
		{0A781061-9487-4916-B25E-260C881468E3}.Debug|Any CPU.ActiveCfg = Debug|Any CPU
		{0A781061-9487-4916-B25E-260C881468E3}.Debug|Any CPU.Build.0 = Debug|Any CPU
		{0A781061-9487-4916-B25E-260C881468E3}.Release|Any CPU.ActiveCfg = Release|Any CPU
		{0A781061-9487-4916-B25E-260C881468E3}.Release|Any CPU.Build.0 = Release|Any CPU
		{652F4665-234C-4D95-B6FF-53B3BA1B7AF9}.Debug|Any CPU.ActiveCfg = Debug|Any CPU
		{652F4665-234C-4D95-B6FF-53B3BA1B7AF9}.Debug|Any CPU.Build.0 = Debug|Any CPU
		{652F4665-234C-4D95-B6FF-53B3BA1B7AF9}.Release|Any CPU.ActiveCfg = Release|Any CPU
		{652F4665-234C-4D95-B6FF-53B3BA1B7AF9}.Release|Any CPU.Build.0 = Release|Any CPU
	EndGlobalSection
	GlobalSection(SolutionProperties) = preSolution
		HideSolutionNode = FALSE
	EndGlobalSection
EndGlobal
